
Microsoft Visual Studio Solution File, Format Version 12.00
# Visual Studio Version 17
VisualStudioVersion = 17.11.35327.3
MinimumVisualStudioVersion = 10.0.40219.1
Project("{FAE04EC0-301F-11D3-BF4B-00C04F79EFBC}") = "01_MainSubjects", "01_MainSubjects\01_MainSubjects.csproj", "{65339F87-404B-4524-A44B-088CC4EFE5FB}"
EndProject
Project("{FAE04EC0-301F-11D3-BF4B-00C04F79EFBC}") = "02_Veriables", "02_Veriables\02_Veriables.csproj", "{A3FBDDBF-E9FB-4A05-AD63-6A5E30AAFAF1}"
EndProject
Project("{FAE04EC0-301F-11D3-BF4B-00C04F79EFBC}") = "03_MakingDecision", "03_MakingDecision\03_MakingDecision.csproj", "{11934A51-5C59-45EF-8E1D-16C045EFE279}"
EndProject
Project("{FAE04EC0-301F-11D3-BF4B-00C04F79EFBC}") = "04_Loops", "04_Loops\04_Loops.csproj", "{0801BD29-9FF1-426E-94DD-7682224A30B2}"
EndProject
Project("{FAE04EC0-301F-11D3-BF4B-00C04F79EFBC}") = "05_LoopsWithStars", "05_LoopsWithStars\05_LoopsWithStars.csproj", "{2D9551AF-4A49-4CF1-B20A-635BF8FBD726}"
EndProject
Project("{FAE04EC0-301F-11D3-BF4B-00C04F79EFBC}") = "06_Arrays", "06_Arrays\06_Arrays.csproj", "{D4386036-ADD1-4749-9D14-400C4FD46719}"
EndProject
Project("{FAE04EC0-301F-11D3-BF4B-00C04F79EFBC}") = "07_ForeachLoop", "07_ForeachLoop\07_ForeachLoop.csproj", "{A2E2C239-244C-4E5E-B42F-97E19D864000}"
EndProject
Global
	GlobalSection(SolutionConfigurationPlatforms) = preSolution
		Debug|Any CPU = Debug|Any CPU
		Release|Any CPU = Release|Any CPU
	EndGlobalSection
	GlobalSection(ProjectConfigurationPlatforms) = postSolution
		{65339F87-404B-4524-A44B-088CC4EFE5FB}.Debug|Any CPU.ActiveCfg = Debug|Any CPU
		{65339F87-404B-4524-A44B-088CC4EFE5FB}.Debug|Any CPU.Build.0 = Debug|Any CPU
		{65339F87-404B-4524-A44B-088CC4EFE5FB}.Release|Any CPU.ActiveCfg = Release|Any CPU
		{65339F87-404B-4524-A44B-088CC4EFE5FB}.Release|Any CPU.Build.0 = Release|Any CPU
		{A3FBDDBF-E9FB-4A05-AD63-6A5E30AAFAF1}.Debug|Any CPU.ActiveCfg = Debug|Any CPU
		{A3FBDDBF-E9FB-4A05-AD63-6A5E30AAFAF1}.Debug|Any CPU.Build.0 = Debug|Any CPU
		{A3FBDDBF-E9FB-4A05-AD63-6A5E30AAFAF1}.Release|Any CPU.ActiveCfg = Release|Any CPU
		{A3FBDDBF-E9FB-4A05-AD63-6A5E30AAFAF1}.Release|Any CPU.Build.0 = Release|Any CPU
		{11934A51-5C59-45EF-8E1D-16C045EFE279}.Debug|Any CPU.ActiveCfg = Debug|Any CPU
		{11934A51-5C59-45EF-8E1D-16C045EFE279}.Debug|Any CPU.Build.0 = Debug|Any CPU
		{11934A51-5C59-45EF-8E1D-16C045EFE279}.Release|Any CPU.ActiveCfg = Release|Any CPU
		{11934A51-5C59-45EF-8E1D-16C045EFE279}.Release|Any CPU.Build.0 = Release|Any CPU
		{0801BD29-9FF1-426E-94DD-7682224A30B2}.Debug|Any CPU.ActiveCfg = Debug|Any CPU
		{0801BD29-9FF1-426E-94DD-7682224A30B2}.Debug|Any CPU.Build.0 = Debug|Any CPU
		{0801BD29-9FF1-426E-94DD-7682224A30B2}.Release|Any CPU.ActiveCfg = Release|Any CPU
		{0801BD29-9FF1-426E-94DD-7682224A30B2}.Release|Any CPU.Build.0 = Release|Any CPU
		{2D9551AF-4A49-4CF1-B20A-635BF8FBD726}.Debug|Any CPU.ActiveCfg = Debug|Any CPU
		{2D9551AF-4A49-4CF1-B20A-635BF8FBD726}.Debug|Any CPU.Build.0 = Debug|Any CPU
		{2D9551AF-4A49-4CF1-B20A-635BF8FBD726}.Release|Any CPU.ActiveCfg = Release|Any CPU
		{2D9551AF-4A49-4CF1-B20A-635BF8FBD726}.Release|Any CPU.Build.0 = Release|Any CPU
		{D4386036-ADD1-4749-9D14-400C4FD46719}.Debug|Any CPU.ActiveCfg = Debug|Any CPU
		{D4386036-ADD1-4749-9D14-400C4FD46719}.Debug|Any CPU.Build.0 = Debug|Any CPU
		{D4386036-ADD1-4749-9D14-400C4FD46719}.Release|Any CPU.ActiveCfg = Release|Any CPU
		{D4386036-ADD1-4749-9D14-400C4FD46719}.Release|Any CPU.Build.0 = Release|Any CPU
		{A2E2C239-244C-4E5E-B42F-97E19D864000}.Debug|Any CPU.ActiveCfg = Debug|Any CPU
		{A2E2C239-244C-4E5E-B42F-97E19D864000}.Debug|Any CPU.Build.0 = Debug|Any CPU
		{A2E2C239-244C-4E5E-B42F-97E19D864000}.Release|Any CPU.ActiveCfg = Release|Any CPU
		{A2E2C239-244C-4E5E-B42F-97E19D864000}.Release|Any CPU.Build.0 = Release|Any CPU
	EndGlobalSection
	GlobalSection(SolutionProperties) = preSolution
		HideSolutionNode = FALSE
	EndGlobalSection
	GlobalSection(ExtensibilityGlobals) = postSolution
		SolutionGuid = {D317A8B7-3239-462C-A5C4-F49773F80C82}
	EndGlobalSection
EndGlobal
